
Microsoft Visual Studio Solution File, Format Version 12.00
Project("{FAE04EC0-301F-11D3-BF4B-00C04F79EFBC}") = "PruebaBD", "PruebaBD\PruebaBD.csproj", "{2E899A03-45F9-4CC2-B299-52C9FA9D20BA}"
EndProject
Global
	GlobalSection(SolutionConfigurationPlatforms) = preSolution
		Debug|Any CPU = Debug|Any CPU
		Release|Any CPU = Release|Any CPU
	EndGlobalSection
	GlobalSection(ProjectConfigurationPlatforms) = postSolution
		{2E899A03-45F9-4CC2-B299-52C9FA9D20BA}.Debug|Any CPU.ActiveCfg = Debug|Any CPU
		{2E899A03-45F9-4CC2-B299-52C9FA9D20BA}.Debug|Any CPU.Build.0 = Debug|Any CPU
		{2E899A03-45F9-4CC2-B299-52C9FA9D20BA}.Release|Any CPU.ActiveCfg = Release|Any CPU
		{2E899A03-45F9-4CC2-B299-52C9FA9D20BA}.Release|Any CPU.Build.0 = Release|Any CPU
	EndGlobalSection
EndGlobal
